# THIS IS AN AUTOGENERATED FILE. DO NOT EDIT THIS FILE DIRECTLY.
# yarn lockfile v1


"@react-native-community/datetimepicker@^2.3.0":
  version "2.3.0"
  resolved "https://registry.yarnpkg.com/@react-native-community/datetimepicker/-/datetimepicker-2.3.0.tgz#fd3e430ef608a92af77f841f2a4593d8f03693c4"
  integrity sha512-kEmhnvkVm0/WJxle2Oze1Wu5pSO65jeP6vdVJzglgQDI3X9bHUlId0JTKZPpDAB9nFUM8cp5X5RSR0KW0SbFsA==
  dependencies:
    invariant "^2.2.4"

humps@^2.0.1:
  version "2.0.1"
  resolved "https://registry.yarnpkg.com/humps/-/humps-2.0.1.tgz#dd02ea6081bd0568dc5d073184463957ba9ef9aa"
  integrity sha1-3QLqYIG9BWjcXQcxhEY5V7qe+ao=

invariant@^2.2.4:
  version "2.2.4"
  resolved "https://registry.yarnpkg.com/invariant/-/invariant-2.2.4.tgz#610f3c92c9359ce1db616e538008d23ff35158e6"
  integrity sha512-phJfQVBuaJM5raOpJjSfkiD6BpbCE4Ns//LaXl6wGYtUBY83nWS6Rf9tXm2e8VaK60JEjYldbPif/A2B1C2gNA==
  dependencies:
    loose-envify "^1.0.0"

"js-tokens@^3.0.0 || ^4.0.0":
  version "4.0.0"
  resolved "https://registry.yarnpkg.com/js-tokens/-/js-tokens-4.0.0.tgz#19203fb59991df98e3a287050d4647cdeaf32499"
  integrity sha512-RdJUflcE3cUzKiMqQgsCu06FPu9UdIJO0beYbPhHN4k6apgJtifcoCtT9bcxOpYBtpD2kCM6Sbzg4CausW/PKQ==

lodash@^4.17.5:
  version "4.17.15"
  resolved "https://registry.yarnpkg.com/lodash/-/lodash-4.17.15.tgz#b447f6670a0455bbfeedd11392eff330ea097548"
  integrity sha512-8xOcRHvCjnocdS5cpwXQXVzmmh5e5+saE2QGoeQmbKmRS6J3VQppPOIt0MnmE+4xlZoumy0GPG0D0MVIQbNA1A==

loose-envify@^1.0.0, loose-envify@^1.4.0:
  version "1.4.0"
  resolved "https://registry.yarnpkg.com/loose-envify/-/loose-envify-1.4.0.tgz#71ee51fa7be4caec1a63839f7e682d8132d30caf"
  integrity sha512-lyuxPGr/Wfhrlem2CL/UcnUc1zcqKAImBDzukY7Y5F/yQiNdko6+fRLevlw1HgMySw7f611UIY408EtxRSoK3Q==
  dependencies:
    js-tokens "^3.0.0 || ^4.0.0"

object-assign@^4.1.1:
  version "4.1.1"
  resolved "https://registry.yarnpkg.com/object-assign/-/object-assign-4.1.1.tgz#2109adc7965887cfc05cbbd442cac8bfbb360863"
  integrity sha1-IQmtx5ZYh8/AXLvUQsrIv7s2CGM=

prop-types@^15.7.2:
  version "15.7.2"
  resolved "https://registry.yarnpkg.com/prop-types/-/prop-types-15.7.2.tgz#52c41e75b8c87e72b9d9360e0206b99dcbffa6c5"
  integrity sha512-8QQikdH7//R2vurIJSutZ1smHYTcLpRWEOlHnzcWHmBYrOGUysKwSsrC89BCiFj3CbrfJ/nXFdJepOVrY1GCHQ==
  dependencies:
    loose-envify "^1.4.0"
    object-assign "^4.1.1"
    react-is "^16.8.1"

react-is@^16.8.1:
  version "16.13.1"
  resolved "https://registry.yarnpkg.com/react-is/-/react-is-16.13.1.tgz#789729a4dc36de2999dc156dd6c1d9c18cea56a4"
  integrity sha512-24e6ynE2H+OKt4kqsOvNd8kBpV65zoxbA4BVsEOB3ARVWQki/DHzaUoC5KuON/BiccDaCCTZBuOcfZs70kR8bQ==

react-native-debugger@^1.1.0:
  version "1.1.0"
  resolved "https://registry.yarnpkg.com/react-native-debugger/-/react-native-debugger-1.1.0.tgz#88ae36c229a7da6c8e97e0e98e366eca55d4736a"
  integrity sha512-ckFI3QztvmLUVE/TCA++V5apVWrsARejSXqSFdTtiKmTNOsHhF+KjiVzwBYk1TegiSCjDU0LHO4m5b+HjN0Ncg==
  dependencies:
    humps "^2.0.1"
    lodash "^4.17.5"
    react-native-device-info "^0.10.2"
    redux-create-reducer "^1.1.1"

react-native-device-info@^0.10.2:
  version "0.10.2"
  resolved "https://registry.yarnpkg.com/react-native-device-info/-/react-native-device-info-0.10.2.tgz#350cd68ed43839022ddea0a3a423439f16fa4fba"
  integrity sha1-NQzWjtQ4OQIt3qCjpCNDnxb6T7o=

react-native-modal-datetime-picker@^8.5.1:
  version "8.5.1"
  resolved "https://registry.yarnpkg.com/react-native-modal-datetime-picker/-/react-native-modal-datetime-picker-8.5.1.tgz#61e18b114c265964fdf6b2e39f4874028f96d06f"
  integrity sha512-ZV3dCKDXLRcyRiUWmmQCeuRulY5fr0RVO2rS0Tt+dUA+1gg8ral+NG4LoqPsrVPJgrf3RKWSmU+O0fZXyw2Vow==
  dependencies:
    prop-types "^15.7.2"

redux-create-reducer@^1.1.1:
  version "1.2.0"
  resolved "https://registry.yarnpkg.com/redux-create-reducer/-/redux-create-reducer-1.2.0.tgz#accdd7f36509b202c7602f14c0fb827a4d1c3dde"
  integrity sha512-H+bi4NCgw253xVVGHRnQQyWVkl2v0MDUiWRzFrSexcSgZ84JOa9Phsso1IRKKkrqGvBqQn2+oLZYdB3/qG99FQ==
